
Microsoft Visual Studio Solution File, Format Version 12.00
# Visual Studio 15
VisualStudioVersion = 15.0.26124.0
MinimumVisualStudioVersion = 15.0.26124.0
Project("{2150E333-8FDC-42A3-9474-1A3956D46DE8}") = "src", "src", "{222981A5-C4E2-4DEA-9485-ACD2BD85BBF8}"
EndProject
Project("{FAE04EC0-301F-11D3-BF4B-00C04F79EFBC}") = "Payroll", "src\Payroll\Payroll.csproj", "{A73FE01B-2BE7-4B6C-8596-C3232ED502BB}"
EndProject
Project("{FAE04EC0-301F-11D3-BF4B-00C04F79EFBC}") = "Payrol.Console", "src\Payroll.Console\Payrol.Console.csproj", "{C0B66BA1-BCD1-4D30-A83E-6E470B89315C}"
EndProject
Project("{FAE04EC0-301F-11D3-BF4B-00C04F79EFBC}") = "Payroll.Tests", "src\Payroll.Tests\Payroll.Tests.csproj", "{F0BC5B03-9E45-449A-B662-37B35632722F}"
EndProject
Global
	GlobalSection(SolutionConfigurationPlatforms) = preSolution
		Debug|Any CPU = Debug|Any CPU
		Debug|x64 = Debug|x64
		Debug|x86 = Debug|x86
		Release|Any CPU = Release|Any CPU
		Release|x64 = Release|x64
		Release|x86 = Release|x86
	EndGlobalSection
	GlobalSection(SolutionProperties) = preSolution
		HideSolutionNode = FALSE
	EndGlobalSection
	GlobalSection(ProjectConfigurationPlatforms) = postSolution
		{A73FE01B-2BE7-4B6C-8596-C3232ED502BB}.Debug|Any CPU.ActiveCfg = Debug|Any CPU
		{A73FE01B-2BE7-4B6C-8596-C3232ED502BB}.Debug|Any CPU.Build.0 = Debug|Any CPU
		{A73FE01B-2BE7-4B6C-8596-C3232ED502BB}.Debug|x64.ActiveCfg = Debug|Any CPU
		{A73FE01B-2BE7-4B6C-8596-C3232ED502BB}.Debug|x64.Build.0 = Debug|Any CPU
		{A73FE01B-2BE7-4B6C-8596-C3232ED502BB}.Debug|x86.ActiveCfg = Debug|Any CPU
		{A73FE01B-2BE7-4B6C-8596-C3232ED502BB}.Debug|x86.Build.0 = Debug|Any CPU
		{A73FE01B-2BE7-4B6C-8596-C3232ED502BB}.Release|Any CPU.ActiveCfg = Release|Any CPU
		{A73FE01B-2BE7-4B6C-8596-C3232ED502BB}.Release|Any CPU.Build.0 = Release|Any CPU
		{A73FE01B-2BE7-4B6C-8596-C3232ED502BB}.Release|x64.ActiveCfg = Release|Any CPU
		{A73FE01B-2BE7-4B6C-8596-C3232ED502BB}.Release|x64.Build.0 = Release|Any CPU
		{A73FE01B-2BE7-4B6C-8596-C3232ED502BB}.Release|x86.ActiveCfg = Release|Any CPU
		{A73FE01B-2BE7-4B6C-8596-C3232ED502BB}.Release|x86.Build.0 = Release|Any CPU
		{C0B66BA1-BCD1-4D30-A83E-6E470B89315C}.Debug|Any CPU.ActiveCfg = Debug|Any CPU
		{C0B66BA1-BCD1-4D30-A83E-6E470B89315C}.Debug|Any CPU.Build.0 = Debug|Any CPU
		{C0B66BA1-BCD1-4D30-A83E-6E470B89315C}.Debug|x64.ActiveCfg = Debug|Any CPU
		{C0B66BA1-BCD1-4D30-A83E-6E470B89315C}.Debug|x64.Build.0 = Debug|Any CPU
		{C0B66BA1-BCD1-4D30-A83E-6E470B89315C}.Debug|x86.ActiveCfg = Debug|Any CPU
		{C0B66BA1-BCD1-4D30-A83E-6E470B89315C}.Debug|x86.Build.0 = Debug|Any CPU
		{C0B66BA1-BCD1-4D30-A83E-6E470B89315C}.Release|Any CPU.ActiveCfg = Release|Any CPU
		{C0B66BA1-BCD1-4D30-A83E-6E470B89315C}.Release|Any CPU.Build.0 = Release|Any CPU
		{C0B66BA1-BCD1-4D30-A83E-6E470B89315C}.Release|x64.ActiveCfg = Release|Any CPU
		{C0B66BA1-BCD1-4D30-A83E-6E470B89315C}.Release|x64.Build.0 = Release|Any CPU
		{C0B66BA1-BCD1-4D30-A83E-6E470B89315C}.Release|x86.ActiveCfg = Release|Any CPU
		{C0B66BA1-BCD1-4D30-A83E-6E470B89315C}.Release|x86.Build.0 = Release|Any CPU
		{F0BC5B03-9E45-449A-B662-37B35632722F}.Debug|Any CPU.ActiveCfg = Debug|Any CPU
		{F0BC5B03-9E45-449A-B662-37B35632722F}.Debug|Any CPU.Build.0 = Debug|Any CPU
		{F0BC5B03-9E45-449A-B662-37B35632722F}.Debug|x64.ActiveCfg = Debug|Any CPU
		{F0BC5B03-9E45-449A-B662-37B35632722F}.Debug|x64.Build.0 = Debug|Any CPU
		{F0BC5B03-9E45-449A-B662-37B35632722F}.Debug|x86.ActiveCfg = Debug|Any CPU
		{F0BC5B03-9E45-449A-B662-37B35632722F}.Debug|x86.Build.0 = Debug|Any CPU
		{F0BC5B03-9E45-449A-B662-37B35632722F}.Release|Any CPU.ActiveCfg = Release|Any CPU
		{F0BC5B03-9E45-449A-B662-37B35632722F}.Release|Any CPU.Build.0 = Release|Any CPU
		{F0BC5B03-9E45-449A-B662-37B35632722F}.Release|x64.ActiveCfg = Release|Any CPU
		{F0BC5B03-9E45-449A-B662-37B35632722F}.Release|x64.Build.0 = Release|Any CPU
		{F0BC5B03-9E45-449A-B662-37B35632722F}.Release|x86.ActiveCfg = Release|Any CPU
		{F0BC5B03-9E45-449A-B662-37B35632722F}.Release|x86.Build.0 = Release|Any CPU
	EndGlobalSection
	GlobalSection(NestedProjects) = preSolution
		{A73FE01B-2BE7-4B6C-8596-C3232ED502BB} = {222981A5-C4E2-4DEA-9485-ACD2BD85BBF8}
		{C0B66BA1-BCD1-4D30-A83E-6E470B89315C} = {222981A5-C4E2-4DEA-9485-ACD2BD85BBF8}
		{F0BC5B03-9E45-449A-B662-37B35632722F} = {222981A5-C4E2-4DEA-9485-ACD2BD85BBF8}
	EndGlobalSection
EndGlobal
